
Microsoft Visual Studio Solution File, Format Version 12.00
# Visual Studio Version 16
VisualStudioVersion = 16.0.29326.143
MinimumVisualStudioVersion = 10.0.40219.1
Project("{9A19103F-16F7-4668-BE54-9A1E7A4F7556}") = "Numbering System", "Numbering System\Numbering System.csproj", "{D531352F-FD58-4539-8960-EFADCCA986BF}"
EndProject
Project("{FAE04EC0-301F-11D3-BF4B-00C04F79EFBC}") = "Test", "Test\Test.csproj", "{6654DD42-5308-48EF-82A2-2E339454E6D2}"
EndProject
Global
	GlobalSection(SolutionConfigurationPlatforms) = preSolution
		Debug|Any CPU = Debug|Any CPU
		Release|Any CPU = Release|Any CPU
	EndGlobalSection
	GlobalSection(ProjectConfigurationPlatforms) = postSolution
		{D531352F-FD58-4539-8960-EFADCCA986BF}.Debug|Any CPU.ActiveCfg = Debug|Any CPU
		{D531352F-FD58-4539-8960-EFADCCA986BF}.Debug|Any CPU.Build.0 = Debug|Any CPU
		{D531352F-FD58-4539-8960-EFADCCA986BF}.Release|Any CPU.ActiveCfg = Release|Any CPU
		{D531352F-FD58-4539-8960-EFADCCA986BF}.Release|Any CPU.Build.0 = Release|Any CPU
		{6654DD42-5308-48EF-82A2-2E339454E6D2}.Debug|Any CPU.ActiveCfg = Debug|Any CPU
		{6654DD42-5308-48EF-82A2-2E339454E6D2}.Debug|Any CPU.Build.0 = Debug|Any CPU
		{6654DD42-5308-48EF-82A2-2E339454E6D2}.Release|Any CPU.ActiveCfg = Release|Any CPU
		{6654DD42-5308-48EF-82A2-2E339454E6D2}.Release|Any CPU.Build.0 = Release|Any CPU
	EndGlobalSection
	GlobalSection(SolutionProperties) = preSolution
		HideSolutionNode = FALSE
	EndGlobalSection
	GlobalSection(ExtensibilityGlobals) = postSolution
		SolutionGuid = {7104E68B-36C4-47AD-BE66-F25B5480A5A0}
	EndGlobalSection
EndGlobal
